# THIS IS AN AUTOGENERATED FILE. DO NOT EDIT THIS FILE DIRECTLY.
# yarn lockfile v1


heya-ice@>=0.1, heya-ice@^0.1.11:
  version "0.1.11"
  resolved "https://registry.yarnpkg.com/heya-ice/-/heya-ice-0.1.11.tgz#5d6da59c60b59c7023a83470fb6e9771d7705849"

heya-unify@>=0.2:
  version "0.2.6"
  resolved "https://registry.yarnpkg.com/heya-unify/-/heya-unify-0.2.6.tgz#f3760bc9c4577aa7798bf0d9c3a73f7b5f7f5fc0"
  dependencies:
    heya-ice "^0.1.11"

heya-unit@^0.3.0:
  version "0.3.0"
  resolved "https://registry.yarnpkg.com/heya-unit/-/heya-unit-0.3.0.tgz#797478208c819d4c5b7fe356ac4c1b84eebbb9b7"
  dependencies:
    heya-ice ">=0.1"
    heya-unify ">=0.2"

nan@^2.10.0:
  version "2.10.0"
  resolved "https://registry.yarnpkg.com/nan/-/nan-2.10.0.tgz#96d0cd610ebd58d4b4de9cc0c6828cda99c7548f"
